<Solution>
  <Configurations>
    <Platform Name="x64" />
  </Configurations>
  <Folder Name="/src/">
    <Project Path="src/Nexus.App/Nexus.App.csproj" />
    <Project Path="src/Nexus.Core/Nexus.Core.csproj" />
  </Folder>
  <Folder Name="/tests/">
    <Project Path="tests/Nexus.Core.Tests/Nexus.Core.Tests.csproj" />
  </Folder>
</Solution>
