
Microsoft Visual Studio Solution File, Format Version 12.00
# Visual Studio Version 17
VisualStudioVersion = 17.0.31903.59
MinimumVisualStudioVersion = 10.0.40219.1
Project("{2150E333-8FDC-42A3-9474-1A3956D46DE8}") = "src", "src", "{AD55EE7B-E5DB-4A49-9B00-5B8F4750C49A}"
EndProject
Project("{FAE04EC0-301F-11D3-BF4B-00C04F79EFBC}") = "Nexus.Core", "src\Nexus.Core\Nexus.Core.csproj", "{A971316F-62E8-4C62-A3A4-627BB6845844}"
EndProject
Project("{FAE04EC0-301F-11D3-BF4B-00C04F79EFBC}") = "Nexus.App", "src\Nexus.App\Nexus.App.csproj", "{229175E1-94AC-4FB2-938A-BE548B7C5BA8}"
EndProject
Project("{2150E333-8FDC-42A3-9474-1A3956D46DE8}") = "tests", "tests", "{216363CC-6299-4FDA-80BF-3AB49C4A2724}"
EndProject
Project("{FAE04EC0-301F-11D3-BF4B-00C04F79EFBC}") = "Nexus.Core.Tests", "tests\Nexus.Core.Tests\Nexus.Core.Tests.csproj", "{16301887-AF87-450A-83C6-BB2918A0DBC6}"
EndProject
Project("{FAE04EC0-301F-11D3-BF4B-00C04F79EFBC}") = "Nexus.RecycleBin.SmokeTests", "tests\Nexus.RecycleBin.SmokeTests\Nexus.RecycleBin.SmokeTests.csproj", "{A6217E56-CC4E-4BB7-839D-617D56D7ED63}"
EndProject
Global
	GlobalSection(SolutionConfigurationPlatforms) = preSolution
		Debug|Any CPU = Debug|Any CPU
		Release|Any CPU = Release|Any CPU
	EndGlobalSection
	GlobalSection(SolutionProperties) = preSolution
		HideSolutionNode = FALSE
	EndGlobalSection
	GlobalSection(ProjectConfigurationPlatforms) = postSolution
		{A971316F-62E8-4C62-A3A4-627BB6845844}.Debug|Any CPU.ActiveCfg = Debug|Any CPU
		{A971316F-62E8-4C62-A3A4-627BB6845844}.Debug|Any CPU.Build.0 = Debug|Any CPU
		{A971316F-62E8-4C62-A3A4-627BB6845844}.Release|Any CPU.ActiveCfg = Release|Any CPU
		{A971316F-62E8-4C62-A3A4-627BB6845844}.Release|Any CPU.Build.0 = Release|Any CPU
		{229175E1-94AC-4FB2-938A-BE548B7C5BA8}.Debug|Any CPU.ActiveCfg = Debug|Any CPU
		{229175E1-94AC-4FB2-938A-BE548B7C5BA8}.Debug|Any CPU.Build.0 = Debug|Any CPU
		{229175E1-94AC-4FB2-938A-BE548B7C5BA8}.Release|Any CPU.ActiveCfg = Release|Any CPU
		{229175E1-94AC-4FB2-938A-BE548B7C5BA8}.Release|Any CPU.Build.0 = Release|Any CPU
		{16301887-AF87-450A-83C6-BB2918A0DBC6}.Debug|Any CPU.ActiveCfg = Debug|Any CPU
		{16301887-AF87-450A-83C6-BB2918A0DBC6}.Debug|Any CPU.Build.0 = Debug|Any CPU
		{16301887-AF87-450A-83C6-BB2918A0DBC6}.Release|Any CPU.ActiveCfg = Release|Any CPU
		{16301887-AF87-450A-83C6-BB2918A0DBC6}.Release|Any CPU.Build.0 = Release|Any CPU
		{A6217E56-CC4E-4BB7-839D-617D56D7ED63}.Debug|Any CPU.ActiveCfg = Debug|Any CPU
		{A6217E56-CC4E-4BB7-839D-617D56D7ED63}.Debug|Any CPU.Build.0 = Debug|Any CPU
		{A6217E56-CC4E-4BB7-839D-617D56D7ED63}.Release|Any CPU.ActiveCfg = Release|Any CPU
		{A6217E56-CC4E-4BB7-839D-617D56D7ED63}.Release|Any CPU.Build.0 = Release|Any CPU
	EndGlobalSection
	GlobalSection(NestedProjects) = preSolution
		{A971316F-62E8-4C62-A3A4-627BB6845844} = {AD55EE7B-E5DB-4A49-9B00-5B8F4750C49A}
		{229175E1-94AC-4FB2-938A-BE548B7C5BA8} = {AD55EE7B-E5DB-4A49-9B00-5B8F4750C49A}
		{16301887-AF87-450A-83C6-BB2918A0DBC6} = {216363CC-6299-4FDA-80BF-3AB49C4A2724}
		{A6217E56-CC4E-4BB7-839D-617D56D7ED63} = {216363CC-6299-4FDA-80BF-3AB49C4A2724}
	EndGlobalSection
EndGlobal
